{
  "name": "kaitai-parser",
  "version": "1.0.0",
  "lockfileVersion": 1,
  "requires": true,
  "dependencies": {
    "kaitai-struct": {
      "version": "0.9.0",
      "resolved": "https://registry.npmjs.org/kaitai-struct/-/kaitai-struct-0.9.0.tgz",
      "integrity": "sha512-mfoBu9+IGqaY3ykG1TyAy9omOAZWtheqESQOvo/HKIQVTz+gRPVCNBnhjbO+8wAQ77RD33wYvLBWmITuXIviQg=="
    }
  }
}
